
Microsoft Visual Studio Solution File, Format Version 12.00
# Visual Studio Version 16
VisualStudioVersion = 16.0.31729.503
MinimumVisualStudioVersion = 10.0.40219.1
Project("{9A19103F-16F7-4668-BE54-9A1E7A4F7556}") = "UserIdentity", "UserIdentity\UserIdentity.csproj", "{4D8D028A-627F-49ED-B6CB-FDF680F66967}"
EndProject
Project("{FAE04EC0-301F-11D3-BF4B-00C04F79EFBC}") = "Seller", "Seller\Seller.csproj", "{4677F05A-C2FE-44A3-AA9A-E8ADA4266668}"
EndProject
Project("{FAE04EC0-301F-11D3-BF4B-00C04F79EFBC}") = "Buyer", "Buyer\Buyer.csproj", "{6A8CE09D-45C9-450B-88F3-D72448F8A5BB}"
EndProject
Global
	GlobalSection(SolutionConfigurationPlatforms) = preSolution
		Debug|Any CPU = Debug|Any CPU
		Release|Any CPU = Release|Any CPU
	EndGlobalSection
	GlobalSection(ProjectConfigurationPlatforms) = postSolution
		{4D8D028A-627F-49ED-B6CB-FDF680F66967}.Debug|Any CPU.ActiveCfg = Debug|Any CPU
		{4D8D028A-627F-49ED-B6CB-FDF680F66967}.Debug|Any CPU.Build.0 = Debug|Any CPU
		{4D8D028A-627F-49ED-B6CB-FDF680F66967}.Release|Any CPU.ActiveCfg = Release|Any CPU
		{4D8D028A-627F-49ED-B6CB-FDF680F66967}.Release|Any CPU.Build.0 = Release|Any CPU
		{4677F05A-C2FE-44A3-AA9A-E8ADA4266668}.Debug|Any CPU.ActiveCfg = Debug|Any CPU
		{4677F05A-C2FE-44A3-AA9A-E8ADA4266668}.Debug|Any CPU.Build.0 = Debug|Any CPU
		{4677F05A-C2FE-44A3-AA9A-E8ADA4266668}.Release|Any CPU.ActiveCfg = Release|Any CPU
		{4677F05A-C2FE-44A3-AA9A-E8ADA4266668}.Release|Any CPU.Build.0 = Release|Any CPU
		{6A8CE09D-45C9-450B-88F3-D72448F8A5BB}.Debug|Any CPU.ActiveCfg = Debug|Any CPU
		{6A8CE09D-45C9-450B-88F3-D72448F8A5BB}.Debug|Any CPU.Build.0 = Debug|Any CPU
		{6A8CE09D-45C9-450B-88F3-D72448F8A5BB}.Release|Any CPU.ActiveCfg = Release|Any CPU
		{6A8CE09D-45C9-450B-88F3-D72448F8A5BB}.Release|Any CPU.Build.0 = Release|Any CPU
	EndGlobalSection
	GlobalSection(SolutionProperties) = preSolution
		HideSolutionNode = FALSE
	EndGlobalSection
	GlobalSection(ExtensibilityGlobals) = postSolution
		SolutionGuid = {21AF2192-B8E8-4156-8DC1-51FA061B3AD9}
	EndGlobalSection
EndGlobal
